
Microsoft Visual Studio Solution File, Format Version 12.00
# Visual Studio Version 16
VisualStudioVersion = 16.0.29503.13
MinimumVisualStudioVersion = 10.0.40219.1
Project("{FAE04EC0-301F-11D3-BF4B-00C04F79EFBC}") = "FileUpload", "FileUpload\FileUpload.csproj", "{616BB8C4-7E17-4EC7-9B3B-B68C8E99CE7A}"
EndProject
Global
	GlobalSection(SolutionConfigurationPlatforms) = preSolution
		Debug|Any CPU = Debug|Any CPU
		Release|Any CPU = Release|Any CPU
	EndGlobalSection
	GlobalSection(ProjectConfigurationPlatforms) = postSolution
		{616BB8C4-7E17-4EC7-9B3B-B68C8E99CE7A}.Debug|Any CPU.ActiveCfg = Debug|Any CPU
		{616BB8C4-7E17-4EC7-9B3B-B68C8E99CE7A}.Debug|Any CPU.Build.0 = Debug|Any CPU
		{616BB8C4-7E17-4EC7-9B3B-B68C8E99CE7A}.Release|Any CPU.ActiveCfg = Release|Any CPU
		{616BB8C4-7E17-4EC7-9B3B-B68C8E99CE7A}.Release|Any CPU.Build.0 = Release|Any CPU
	EndGlobalSection
	GlobalSection(SolutionProperties) = preSolution
		HideSolutionNode = FALSE
	EndGlobalSection
	GlobalSection(ExtensibilityGlobals) = postSolution
		SolutionGuid = {04AAE049-F33D-4903-9401-77817B51B7CE}
	EndGlobalSection
EndGlobal
